// !$*UTF8*$!
{
	archiveVersion = 1;
	classes = {
	};
	objectVersion = 51;
	objects = {

/* Begin PBXBuildFile section */
		2CBBBCF95D85A370EC6D8CC9 /* Pods_archy.framework in Frameworks */ = {isa = PBXBuildFile; fileRef = 5C8DE69FAFD357F9D3151CDE /* Pods_archy.framework */; };
		7554D64D42D9ACAB4E0F4FE8 /* Pods_archyTests.framework in Frameworks */ = {isa = PBXBuildFile; fileRef = FF6E786E4D5B5F97A97F3AC1 /* Pods_archyTests.framework */; };
		CDEF45BB6DCC208DCBE574BB /* Pods_archy_archyUITests.framework in Frameworks */ = {isa = PBXBuildFile; fileRef = B1AD26A21F62DB831A7C593F /* Pods_archy_archyUITests.framework */; };
		F7A784F52346E7E50015DD0A /* AppDelegate.swift in Sources */ = {isa = PBXBuildFile; fileRef = F7A784F42346E7E50015DD0A /* AppDelegate.swift */; };
		F7A784FF2346E7E50015DD0A /* archy.xcdatamodeld in Sources */ = {isa = PBXBuildFile; fileRef = F7A784FD2346E7E50015DD0A /* archy.xcdatamodeld */; };
		F7A785012346E7E80015DD0A /* Assets.xcassets in Resources */ = {isa = PBXBuildFile; fileRef = F7A785002346E7E80015DD0A /* Assets.xcassets */; };
		F7A785042346E7E80015DD0A /* LaunchScreen.storyboard in Resources */ = {isa = PBXBuildFile; fileRef = F7A785022346E7E80015DD0A /* LaunchScreen.storyboard */; };
		F7A7850F2346E7E90015DD0A /* archyTests.swift in Sources */ = {isa = PBXBuildFile; fileRef = F7A7850E2346E7E90015DD0A /* archyTests.swift */; };
		F7A7851A2346E7E90015DD0A /* archyUITests.swift in Sources */ = {isa = PBXBuildFile; fileRef = F7A785192346E7E90015DD0A /* archyUITests.swift */; };
		F7A7852E2346E8990015DD0A /* HomeVC.swift in Sources */ = {isa = PBXBuildFile; fileRef = F7A7852C2346E8990015DD0A /* HomeVC.swift */; };
		F7A7852F2346E8990015DD0A /* HomeVC.xib in Resources */ = {isa = PBXBuildFile; fileRef = F7A7852D2346E8990015DD0A /* HomeVC.xib */; };
		F7A785332346E8F80015DD0A /* SetDistanceVC.swift in Sources */ = {isa = PBXBuildFile; fileRef = F7A785312346E8F80015DD0A /* SetDistanceVC.swift */; };
		F7A785342346E8F80015DD0A /* SetDistanceVC.xib in Resources */ = {isa = PBXBuildFile; fileRef = F7A785322346E8F80015DD0A /* SetDistanceVC.xib */; };
		F7A7853C2346E98D0015DD0A /* TipsVC.swift in Sources */ = {isa = PBXBuildFile; fileRef = F7A7853A2346E98D0015DD0A /* TipsVC.swift */; };
		F7A7853D2346E98D0015DD0A /* TipsVC.xib in Resources */ = {isa = PBXBuildFile; fileRef = F7A7853B2346E98D0015DD0A /* TipsVC.xib */; };
		F7A785412346E9DF0015DD0A /* BodyCalibrationVC.swift in Sources */ = {isa = PBXBuildFile; fileRef = F7A7853F2346E9DF0015DD0A /* BodyCalibrationVC.swift */; };
		F7A785422346E9DF0015DD0A /* BodyCalibrationVC.xib in Resources */ = {isa = PBXBuildFile; fileRef = F7A785402346E9DF0015DD0A /* BodyCalibrationVC.xib */; };
		F7A785462346EA200015DD0A /* PracticeVC.swift in Sources */ = {isa = PBXBuildFile; fileRef = F7A785442346EA200015DD0A /* PracticeVC.swift */; };
		F7A785472346EA200015DD0A /* PracticeVC.xib in Resources */ = {isa = PBXBuildFile; fileRef = F7A785452346EA200015DD0A /* PracticeVC.xib */; };
		F7D208FB2353745600E3B638 /* AlbumsVC.xib in Resources */ = {isa = PBXBuildFile; fileRef = F7D208F62353745600E3B638 /* AlbumsVC.xib */; };
		F7D208FC2353745600E3B638 /* AlbumsVC.swift in Sources */ = {isa = PBXBuildFile; fileRef = F7D208F72353745600E3B638 /* AlbumsVC.swift */; };
		F7D208FD2353745600E3B638 /* AlbumCell.swift in Sources */ = {isa = PBXBuildFile; fileRef = F7D208F92353745600E3B638 /* AlbumCell.swift */; };
		F7D208FE2353745600E3B638 /* AlbumCell.xib in Resources */ = {isa = PBXBuildFile; fileRef = F7D208FA2353745600E3B638 /* AlbumCell.xib */; };
/* End PBXBuildFile section */

/* Begin PBXContainerItemProxy section */
		F7A7850B2346E7E90015DD0A /* PBXContainerItemProxy */ = {
			isa = PBXContainerItemProxy;
			containerPortal = F7A784E92346E7E40015DD0A /* Project object */;
			proxyType = 1;
			remoteGlobalIDString = F7A784F02346E7E40015DD0A;
			remoteInfo = archy;
		};
		F7A785162346E7E90015DD0A /* PBXContainerItemProxy */ = {
			isa = PBXContainerItemProxy;
			containerPortal = F7A784E92346E7E40015DD0A /* Project object */;
			proxyType = 1;
			remoteGlobalIDString = F7A784F02346E7E40015DD0A;
			remoteInfo = archy;
		};
/* End PBXContainerItemProxy section */

/* Begin PBXFileReference section */
		5C8DE69FAFD357F9D3151CDE /* Pods_archy.framework */ = {isa = PBXFileReference; explicitFileType = wrapper.framework; includeInIndex = 0; path = Pods_archy.framework; sourceTree = BUILT_PRODUCTS_DIR; };
		5E8140176E88A2DC2D9CC392 /* Pods-archy-archyUITests.release.xcconfig */ = {isa = PBXFileReference; includeInIndex = 1; lastKnownFileType = text.xcconfig; name = "Pods-archy-archyUITests.release.xcconfig"; path = "Target Support Files/Pods-archy-archyUITests/Pods-archy-archyUITests.release.xcconfig"; sourceTree = "<group>"; };
		63070C0190C97CC93DE68288 /* Pods-archyTests.debug.xcconfig */ = {isa = PBXFileReference; includeInIndex = 1; lastKnownFileType = text.xcconfig; name = "Pods-archyTests.debug.xcconfig"; path = "Target Support Files/Pods-archyTests/Pods-archyTests.debug.xcconfig"; sourceTree = "<group>"; };
		6FBEE194B1B8C374D29F6392 /* Pods-archy.debug.xcconfig */ = {isa = PBXFileReference; includeInIndex = 1; lastKnownFileType = text.xcconfig; name = "Pods-archy.debug.xcconfig"; path = "Target Support Files/Pods-archy/Pods-archy.debug.xcconfig"; sourceTree = "<group>"; };
		75C08601D200BF0367B62BE6 /* Pods-archyTests.release.xcconfig */ = {isa = PBXFileReference; includeInIndex = 1; lastKnownFileType = text.xcconfig; name = "Pods-archyTests.release.xcconfig"; path = "Target Support Files/Pods-archyTests/Pods-archyTests.release.xcconfig"; sourceTree = "<group>"; };
		770E6865A4C8DDFF18069801 /* Pods-archy.release.xcconfig */ = {isa = PBXFileReference; includeInIndex = 1; lastKnownFileType = text.xcconfig; name = "Pods-archy.release.xcconfig"; path = "Target Support Files/Pods-archy/Pods-archy.release.xcconfig"; sourceTree = "<group>"; };
		8C000512FD4D84FA2D775E64 /* Pods-archy-archyUITests.debug.xcconfig */ = {isa = PBXFileReference; includeInIndex = 1; lastKnownFileType = text.xcconfig; name = "Pods-archy-archyUITests.debug.xcconfig"; path = "Target Support Files/Pods-archy-archyUITests/Pods-archy-archyUITests.debug.xcconfig"; sourceTree = "<group>"; };
		B1AD26A21F62DB831A7C593F /* Pods_archy_archyUITests.framework */ = {isa = PBXFileReference; explicitFileType = wrapper.framework; includeInIndex = 0; path = Pods_archy_archyUITests.framework; sourceTree = BUILT_PRODUCTS_DIR; };
		F7A784F12346E7E50015DD0A /* archy.app */ = {isa = PBXFileReference; explicitFileType = wrapper.application; includeInIndex = 0; path = archy.app; sourceTree = BUILT_PRODUCTS_DIR; };
		F7A784F42346E7E50015DD0A /* AppDelegate.swift */ = {isa = PBXFileReference; lastKnownFileType = sourcecode.swift; path = AppDelegate.swift; sourceTree = "<group>"; };
		F7A784FE2346E7E50015DD0A /* archy.xcdatamodel */ = {isa = PBXFileReference; lastKnownFileType = wrapper.xcdatamodel; path = archy.xcdatamodel; sourceTree = "<group>"; };
		F7A785002346E7E80015DD0A /* Assets.xcassets */ = {isa = PBXFileReference; lastKnownFileType = folder.assetcatalog; path = Assets.xcassets; sourceTree = "<group>"; };
		F7A785032346E7E80015DD0A /* Base */ = {isa = PBXFileReference; lastKnownFileType = file.storyboard; name = Base; path = Base.lproj/LaunchScreen.storyboard; sourceTree = "<group>"; };
		F7A785052346E7E80015DD0A /* Info.plist */ = {isa = PBXFileReference; lastKnownFileType = text.plist.xml; path = Info.plist; sourceTree = "<group>"; };
		F7A7850A2346E7E90015DD0A /* archyTests.xctest */ = {isa = PBXFileReference; explicitFileType = wrapper.cfbundle; includeInIndex = 0; path = archyTests.xctest; sourceTree = BUILT_PRODUCTS_DIR; };
		F7A7850E2346E7E90015DD0A /* archyTests.swift */ = {isa = PBXFileReference; lastKnownFileType = sourcecode.swift; path = archyTests.swift; sourceTree = "<group>"; };
		F7A785102346E7E90015DD0A /* Info.plist */ = {isa = PBXFileReference; lastKnownFileType = text.plist.xml; path = Info.plist; sourceTree = "<group>"; };
		F7A785152346E7E90015DD0A /* archyUITests.xctest */ = {isa = PBXFileReference; explicitFileType = wrapper.cfbundle; includeInIndex = 0; path = archyUITests.xctest; sourceTree = BUILT_PRODUCTS_DIR; };
		F7A785192346E7E90015DD0A /* archyUITests.swift */ = {isa = PBXFileReference; lastKnownFileType = sourcecode.swift; path = archyUITests.swift; sourceTree = "<group>"; };
		F7A7851B2346E7E90015DD0A /* Info.plist */ = {isa = PBXFileReference; lastKnownFileType = text.plist.xml; path = Info.plist; sourceTree = "<group>"; };
		F7A7852C2346E8990015DD0A /* HomeVC.swift */ = {isa = PBXFileReference; lastKnownFileType = sourcecode.swift; path = HomeVC.swift; sourceTree = "<group>"; };
		F7A7852D2346E8990015DD0A /* HomeVC.xib */ = {isa = PBXFileReference; lastKnownFileType = file.xib; path = HomeVC.xib; sourceTree = "<group>"; };
		F7A785312346E8F80015DD0A /* SetDistanceVC.swift */ = {isa = PBXFileReference; lastKnownFileType = sourcecode.swift; path = SetDistanceVC.swift; sourceTree = "<group>"; };
		F7A785322346E8F80015DD0A /* SetDistanceVC.xib */ = {isa = PBXFileReference; lastKnownFileType = file.xib; path = SetDistanceVC.xib; sourceTree = "<group>"; };
		F7A7853A2346E98D0015DD0A /* TipsVC.swift */ = {isa = PBXFileReference; lastKnownFileType = sourcecode.swift; path = TipsVC.swift; sourceTree = "<group>"; };
		F7A7853B2346E98D0015DD0A /* TipsVC.xib */ = {isa = PBXFileReference; lastKnownFileType = file.xib; path = TipsVC.xib; sourceTree = "<group>"; };
		F7A7853F2346E9DF0015DD0A /* BodyCalibrationVC.swift */ = {isa = PBXFileReference; lastKnownFileType = sourcecode.swift; path = BodyCalibrationVC.swift; sourceTree = "<group>"; };
		F7A785402346E9DF0015DD0A /* BodyCalibrationVC.xib */ = {isa = PBXFileReference; lastKnownFileType = file.xib; path = BodyCalibrationVC.xib; sourceTree = "<group>"; };
		F7A785442346EA200015DD0A /* PracticeVC.swift */ = {isa = PBXFileReference; lastKnownFileType = sourcecode.swift; path = PracticeVC.swift; sourceTree = "<group>"; };
		F7A785452346EA200015DD0A /* PracticeVC.xib */ = {isa = PBXFileReference; lastKnownFileType = file.xib; path = PracticeVC.xib; sourceTree = "<group>"; };
		F7D208F62353745600E3B638 /* AlbumsVC.xib */ = {isa = PBXFileReference; fileEncoding = 4; lastKnownFileType = file.xib; path = AlbumsVC.xib; sourceTree = "<group>"; };
		F7D208F72353745600E3B638 /* AlbumsVC.swift */ = {isa = PBXFileReference; fileEncoding = 4; lastKnownFileType = sourcecode.swift; path = AlbumsVC.swift; sourceTree = "<group>"; };
		F7D208F92353745600E3B638 /* AlbumCell.swift */ = {isa = PBXFileReference; fileEncoding = 4; lastKnownFileType = sourcecode.swift; path = AlbumCell.swift; sourceTree = "<group>"; };
		F7D208FA2353745600E3B638 /* AlbumCell.xib */ = {isa = PBXFileReference; fileEncoding = 4; lastKnownFileType = file.xib; path = AlbumCell.xib; sourceTree = "<group>"; };
		FF6E786E4D5B5F97A97F3AC1 /* Pods_archyTests.framework */ = {isa = PBXFileReference; explicitFileType = wrapper.framework; includeInIndex = 0; path = Pods_archyTests.framework; sourceTree = BUILT_PRODUCTS_DIR; };
/* End PBXFileReference section */

/* Begin PBXFrameworksBuildPhase section */
		F7A784EE2346E7E40015DD0A /* Frameworks */ = {
			isa = PBXFrameworksBuildPhase;
			buildActionMask = 2147483647;
			files = (
				2CBBBCF95D85A370EC6D8CC9 /* Pods_archy.framework in Frameworks */,
			);
			runOnlyForDeploymentPostprocessing = 0;
		};
		F7A785072346E7E90015DD0A /* Frameworks */ = {
			isa = PBXFrameworksBuildPhase;
			buildActionMask = 2147483647;
			files = (
				7554D64D42D9ACAB4E0F4FE8 /* Pods_archyTests.framework in Frameworks */,
			);
			runOnlyForDeploymentPostprocessing = 0;
		};
		F7A785122346E7E90015DD0A /* Frameworks */ = {
			isa = PBXFrameworksBuildPhase;
			buildActionMask = 2147483647;
			files = (
				CDEF45BB6DCC208DCBE574BB /* Pods_archy_archyUITests.framework in Frameworks */,
			);
			runOnlyForDeploymentPostprocessing = 0;
		};
/* End PBXFrameworksBuildPhase section */

/* Begin PBXGroup section */
		0AC6E6C67A360116C13618A5 /* Pods */ = {
			isa = PBXGroup;
			children = (
				6FBEE194B1B8C374D29F6392 /* Pods-archy.debug.xcconfig */,
				770E6865A4C8DDFF18069801 /* Pods-archy.release.xcconfig */,
				8C000512FD4D84FA2D775E64 /* Pods-archy-archyUITests.debug.xcconfig */,
				5E8140176E88A2DC2D9CC392 /* Pods-archy-archyUITests.release.xcconfig */,
				63070C0190C97CC93DE68288 /* Pods-archyTests.debug.xcconfig */,
				75C08601D200BF0367B62BE6 /* Pods-archyTests.release.xcconfig */,
			);
			path = Pods;
			sourceTree = "<group>";
		};
		AA761705A00CEE1CED286675 /* Frameworks */ = {
			isa = PBXGroup;
			children = (
				5C8DE69FAFD357F9D3151CDE /* Pods_archy.framework */,
				B1AD26A21F62DB831A7C593F /* Pods_archy_archyUITests.framework */,
				FF6E786E4D5B5F97A97F3AC1 /* Pods_archyTests.framework */,
			);
			name = Frameworks;
			sourceTree = "<group>";
		};
		F7A784E82346E7E40015DD0A = {
			isa = PBXGroup;
			children = (
				F7A784F32346E7E50015DD0A /* archy */,
				F7A7850D2346E7E90015DD0A /* archyTests */,
				F7A785182346E7E90015DD0A /* archyUITests */,
				F7A784F22346E7E50015DD0A /* Products */,
				0AC6E6C67A360116C13618A5 /* Pods */,
				AA761705A00CEE1CED286675 /* Frameworks */,
			);
			sourceTree = "<group>";
		};
		F7A784F22346E7E50015DD0A /* Products */ = {
			isa = PBXGroup;
			children = (
				F7A784F12346E7E50015DD0A /* archy.app */,
				F7A7850A2346E7E90015DD0A /* archyTests.xctest */,
				F7A785152346E7E90015DD0A /* archyUITests.xctest */,
			);
			name = Products;
			sourceTree = "<group>";
		};
		F7A784F32346E7E50015DD0A /* archy */ = {
			isa = PBXGroup;
			children = (
				F7D208E92353741F00E3B638 /* Library */,
				F7A785482346EA460015DD0A /* Practice */,
				F7A784F42346E7E50015DD0A /* AppDelegate.swift */,
				F7A785002346E7E80015DD0A /* Assets.xcassets */,
				F7A785022346E7E80015DD0A /* LaunchScreen.storyboard */,
				F7A785052346E7E80015DD0A /* Info.plist */,
				F7A784FD2346E7E50015DD0A /* archy.xcdatamodeld */,
			);
			path = archy;
			sourceTree = "<group>";
		};
		F7A7850D2346E7E90015DD0A /* archyTests */ = {
			isa = PBXGroup;
			children = (
				F7A7850E2346E7E90015DD0A /* archyTests.swift */,
				F7A785102346E7E90015DD0A /* Info.plist */,
			);
			path = archyTests;
			sourceTree = "<group>";
		};
		F7A785182346E7E90015DD0A /* archyUITests */ = {
			isa = PBXGroup;
			children = (
				F7A785192346E7E90015DD0A /* archyUITests.swift */,
				F7A7851B2346E7E90015DD0A /* Info.plist */,
			);
			path = archyUITests;
			sourceTree = "<group>";
		};
		F7A7852B2346E86F0015DD0A /* HomeVC */ = {
			isa = PBXGroup;
			children = (
				F7A7852C2346E8990015DD0A /* HomeVC.swift */,
				F7A7852D2346E8990015DD0A /* HomeVC.xib */,
			);
			path = HomeVC;
			sourceTree = "<group>";
		};
		F7A785302346E8AC0015DD0A /* SetDistanceVC */ = {
			isa = PBXGroup;
			children = (
				F7A785312346E8F80015DD0A /* SetDistanceVC.swift */,
				F7A785322346E8F80015DD0A /* SetDistanceVC.xib */,
			);
			path = SetDistanceVC;
			sourceTree = "<group>";
		};
		F7A785352346E9460015DD0A /* TipsVC */ = {
			isa = PBXGroup;
			children = (
				F7A7853A2346E98D0015DD0A /* TipsVC.swift */,
				F7A7853B2346E98D0015DD0A /* TipsVC.xib */,
			);
			path = TipsVC;
			sourceTree = "<group>";
		};
		F7A7853E2346E9B30015DD0A /* BodyFrameVC */ = {
			isa = PBXGroup;
			children = (
				F7A7853F2346E9DF0015DD0A /* BodyCalibrationVC.swift */,
				F7A785402346E9DF0015DD0A /* BodyCalibrationVC.xib */,
			);
			path = BodyFrameVC;
			sourceTree = "<group>";
		};
		F7A785432346E9FD0015DD0A /* PracticeVC */ = {
			isa = PBXGroup;
			children = (
				F7A785442346EA200015DD0A /* PracticeVC.swift */,
				F7A785452346EA200015DD0A /* PracticeVC.xib */,
			);
			path = PracticeVC;
			sourceTree = "<group>";
		};
		F7A785482346EA460015DD0A /* Practice */ = {
			isa = PBXGroup;
			children = (
				F7A785432346E9FD0015DD0A /* PracticeVC */,
				F7A7853E2346E9B30015DD0A /* BodyFrameVC */,
				F7A785352346E9460015DD0A /* TipsVC */,
				F7A785302346E8AC0015DD0A /* SetDistanceVC */,
				F7A7852B2346E86F0015DD0A /* HomeVC */,
			);
			path = Practice;
			sourceTree = "<group>";
		};
		F7D208E92353741F00E3B638 /* Library */ = {
			isa = PBXGroup;
			children = (
				F7D208F52353745600E3B638 /* Albums */,
			);
			path = Library;
			sourceTree = "<group>";
		};
		F7D208F52353745600E3B638 /* Albums */ = {
			isa = PBXGroup;
			children = (
				F7D208F62353745600E3B638 /* AlbumsVC.xib */,
				F7D208F72353745600E3B638 /* AlbumsVC.swift */,
				F7D208F82353745600E3B638 /* AlbumCell */,
			);
			path = Albums;
			sourceTree = "<group>";
		};
		F7D208F82353745600E3B638 /* AlbumCell */ = {
			isa = PBXGroup;
			children = (
				F7D208F92353745600E3B638 /* AlbumCell.swift */,
				F7D208FA2353745600E3B638 /* AlbumCell.xib */,
			);
			path = AlbumCell;
			sourceTree = "<group>";
		};
/* End PBXGroup section */

/* Begin PBXNativeTarget section */
		F7A784F02346E7E40015DD0A /* archy */ = {
			isa = PBXNativeTarget;
			buildConfigurationList = F7A7851E2346E7E90015DD0A /* Build configuration list for PBXNativeTarget "archy" */;
			buildPhases = (
				34DF4CF433787D955B1B8C06 /* [CP] Check Pods Manifest.lock */,
				F7A784ED2346E7E40015DD0A /* Sources */,
				F7A784EE2346E7E40015DD0A /* Frameworks */,
				F7A784EF2346E7E40015DD0A /* Resources */,
				07A613AAF76909637B5E3625 /* [CP] Embed Pods Frameworks */,
			);
			buildRules = (
			);
			dependencies = (
			);
			name = archy;
			productName = archy;
			productReference = F7A784F12346E7E50015DD0A /* archy.app */;
			productType = "com.apple.product-type.application";
		};
		F7A785092346E7E90015DD0A /* archyTests */ = {
			isa = PBXNativeTarget;
			buildConfigurationList = F7A785212346E7E90015DD0A /* Build configuration list for PBXNativeTarget "archyTests" */;
			buildPhases = (
				DD550A9CE03C2A3D066F7FA4 /* [CP] Check Pods Manifest.lock */,
				F7A785062346E7E90015DD0A /* Sources */,
				F7A785072346E7E90015DD0A /* Frameworks */,
				F7A785082346E7E90015DD0A /* Resources */,
			);
			buildRules = (
			);
			dependencies = (
				F7A7850C2346E7E90015DD0A /* PBXTargetDependency */,
			);
			name = archyTests;
			productName = archyTests;
			productReference = F7A7850A2346E7E90015DD0A /* archyTests.xctest */;
			productType = "com.apple.product-type.bundle.unit-test";
		};
		F7A785142346E7E90015DD0A /* archyUITests */ = {
			isa = PBXNativeTarget;
			buildConfigurationList = F7A785242346E7E90015DD0A /* Build configuration list for PBXNativeTarget "archyUITests" */;
			buildPhases = (
				185B926533A4C1DAD427607D /* [CP] Check Pods Manifest.lock */,
				F7A785112346E7E90015DD0A /* Sources */,
				F7A785122346E7E90015DD0A /* Frameworks */,
				F7A785132346E7E90015DD0A /* Resources */,
				FE085CF113DE0C6AD1B9E722 /* [CP] Embed Pods Frameworks */,
			);
			buildRules = (
			);
			dependencies = (
				F7A785172346E7E90015DD0A /* PBXTargetDependency */,
			);
			name = archyUITests;
			productName = archyUITests;
			productReference = F7A785152346E7E90015DD0A /* archyUITests.xctest */;
			productType = "com.apple.product-type.bundle.ui-testing";
		};
/* End PBXNativeTarget section */

/* Begin PBXProject section */
		F7A784E92346E7E40015DD0A /* Project object */ = {
			isa = PBXProject;
			attributes = {
				LastSwiftUpdateCheck = 1100;
				LastUpgradeCheck = 1100;
				ORGANIZATIONNAME = "Eibiel Sardjanto";
				TargetAttributes = {
					F7A784F02346E7E40015DD0A = {
						CreatedOnToolsVersion = 11.0;
					};
					F7A785092346E7E90015DD0A = {
						CreatedOnToolsVersion = 11.0;
						TestTargetID = F7A784F02346E7E40015DD0A;
					};
					F7A785142346E7E90015DD0A = {
						CreatedOnToolsVersion = 11.0;
						TestTargetID = F7A784F02346E7E40015DD0A;
					};
				};
			};
			buildConfigurationList = F7A784EC2346E7E40015DD0A /* Build configuration list for PBXProject "archy" */;
			compatibilityVersion = "Xcode 9.3";
			developmentRegion = en;
			hasScannedForEncodings = 0;
			knownRegions = (
				en,
				Base,
			);
			mainGroup = F7A784E82346E7E40015DD0A;
			productRefGroup = F7A784F22346E7E50015DD0A /* Products */;
			projectDirPath = "";
			projectRoot = "";
			targets = (
				F7A784F02346E7E40015DD0A /* archy */,
				F7A785092346E7E90015DD0A /* archyTests */,
				F7A785142346E7E90015DD0A /* archyUITests */,
			);
		};
/* End PBXProject section */

/* Begin PBXResourcesBuildPhase section */
		F7A784EF2346E7E40015DD0A /* Resources */ = {
			isa = PBXResourcesBuildPhase;
			buildActionMask = 2147483647;
			files = (
				F7A785042346E7E80015DD0A /* LaunchScreen.storyboard in Resources */,
				F7A785342346E8F80015DD0A /* SetDistanceVC.xib in Resources */,
				F7D208FB2353745600E3B638 /* AlbumsVC.xib in Resources */,
				F7A785422346E9DF0015DD0A /* BodyCalibrationVC.xib in Resources */,
				F7D208FE2353745600E3B638 /* AlbumCell.xib in Resources */,
				F7A785472346EA200015DD0A /* PracticeVC.xib in Resources */,
				F7A7853D2346E98D0015DD0A /* TipsVC.xib in Resources */,
				F7A7852F2346E8990015DD0A /* HomeVC.xib in Resources */,
				F7A785012346E7E80015DD0A /* Assets.xcassets in Resources */,
			);
			runOnlyForDeploymentPostprocessing = 0;
		};
		F7A785082346E7E90015DD0A /* Resources */ = {
			isa = PBXResourcesBuildPhase;
			buildActionMask = 2147483647;
			files = (
			);
			runOnlyForDeploymentPostprocessing = 0;
		};
		F7A785132346E7E90015DD0A /* Resources */ = {
			isa = PBXResourcesBuildPhase;
			buildActionMask = 2147483647;
			files = (
			);
			runOnlyForDeploymentPostprocessing = 0;
		};
/* End PBXResourcesBuildPhase section */

/* Begin PBXShellScriptBuildPhase section */
		07A613AAF76909637B5E3625 /* [CP] Embed Pods Frameworks */ = {
			isa = PBXShellScriptBuildPhase;
			buildActionMask = 2147483647;
			files = (
			);
			inputFileListPaths = (
				"${PODS_ROOT}/Target Support Files/Pods-archy/Pods-archy-frameworks-${CONFIGURATION}-input-files.xcfilelist",
			);
			name = "[CP] Embed Pods Frameworks";
			outputFileListPaths = (
				"${PODS_ROOT}/Target Support Files/Pods-archy/Pods-archy-frameworks-${CONFIGURATION}-output-files.xcfilelist",
			);
			runOnlyForDeploymentPostprocessing = 0;
			shellPath = /bin/sh;
			shellScript = "\"${PODS_ROOT}/Target Support Files/Pods-archy/Pods-archy-frameworks.sh\"\n";
			showEnvVarsInLog = 0;
		};
		185B926533A4C1DAD427607D /* [CP] Check Pods Manifest.lock */ = {
			isa = PBXShellScriptBuildPhase;
			buildActionMask = 2147483647;
			files = (
			);
			inputFileListPaths = (
			);
			inputPaths = (
				"${PODS_PODFILE_DIR_PATH}/Podfile.lock",
				"${PODS_ROOT}/Manifest.lock",
			);
			name = "[CP] Check Pods Manifest.lock";
			outputFileListPaths = (
			);
			outputPaths = (
				"$(DERIVED_FILE_DIR)/Pods-archy-archyUITests-checkManifestLockResult.txt",
			);
			runOnlyForDeploymentPostprocessing = 0;
			shellPath = /bin/sh;
			shellScript = "diff \"${PODS_PODFILE_DIR_PATH}/Podfile.lock\" \"${PODS_ROOT}/Manifest.lock\" > /dev/null\nif [ $? != 0 ] ; then\n    # print error to STDERR\n    echo \"error: The sandbox is not in sync with the Podfile.lock. Run 'pod install' or update your CocoaPods installation.\" >&2\n    exit 1\nfi\n# This output is used by Xcode 'outputs' to avoid re-running this script phase.\necho \"SUCCESS\" > \"${SCRIPT_OUTPUT_FILE_0}\"\n";
			showEnvVarsInLog = 0;
		};
		34DF4CF433787D955B1B8C06 /* [CP] Check Pods Manifest.lock */ = {
			isa = PBXShellScriptBuildPhase;
			buildActionMask = 2147483647;
			files = (
			);
			inputFileListPaths = (
			);
			inputPaths = (
				"${PODS_PODFILE_DIR_PATH}/Podfile.lock",
				"${PODS_ROOT}/Manifest.lock",
			);
			name = "[CP] Check Pods Manifest.lock";
			outputFileListPaths = (
			);
			outputPaths = (
				"$(DERIVED_FILE_DIR)/Pods-archy-checkManifestLockResult.txt",
			);
			runOnlyForDeploymentPostprocessing = 0;
			shellPath = /bin/sh;
			shellScript = "diff \"${PODS_PODFILE_DIR_PATH}/Podfile.lock\" \"${PODS_ROOT}/Manifest.lock\" > /dev/null\nif [ $? != 0 ] ; then\n    # print error to STDERR\n    echo \"error: The sandbox is not in sync with the Podfile.lock. Run 'pod install' or update your CocoaPods installation.\" >&2\n    exit 1\nfi\n# This output is used by Xcode 'outputs' to avoid re-running this script phase.\necho \"SUCCESS\" > \"${SCRIPT_OUTPUT_FILE_0}\"\n";
			showEnvVarsInLog = 0;
		};
		DD550A9CE03C2A3D066F7FA4 /* [CP] Check Pods Manifest.lock */ = {
			isa = PBXShellScriptBuildPhase;
			buildActionMask = 2147483647;
			files = (
			);
			inputFileListPaths = (
			);
			inputPaths = (
				"${PODS_PODFILE_DIR_PATH}/Podfile.lock",
				"${PODS_ROOT}/Manifest.lock",
			);
			name = "[CP] Check Pods Manifest.lock";
			outputFileListPaths = (
			);
			outputPaths = (
				"$(DERIVED_FILE_DIR)/Pods-archyTests-checkManifestLockResult.txt",
			);
			runOnlyForDeploymentPostprocessing = 0;
			shellPath = /bin/sh;
			shellScript = "diff \"${PODS_PODFILE_DIR_PATH}/Podfile.lock\" \"${PODS_ROOT}/Manifest.lock\" > /dev/null\nif [ $? != 0 ] ; then\n    # print error to STDERR\n    echo \"error: The sandbox is not in sync with the Podfile.lock. Run 'pod install' or update your CocoaPods installation.\" >&2\n    exit 1\nfi\n# This output is used by Xcode 'outputs' to avoid re-running this script phase.\necho \"SUCCESS\" > \"${SCRIPT_OUTPUT_FILE_0}\"\n";
			showEnvVarsInLog = 0;
		};
		FE085CF113DE0C6AD1B9E722 /* [CP] Embed Pods Frameworks */ = {
			isa = PBXShellScriptBuildPhase;
			buildActionMask = 2147483647;
			files = (
			);
			inputFileListPaths = (
				"${PODS_ROOT}/Target Support Files/Pods-archy-archyUITests/Pods-archy-archyUITests-frameworks-${CONFIGURATION}-input-files.xcfilelist",
			);
			name = "[CP] Embed Pods Frameworks";
			outputFileListPaths = (
				"${PODS_ROOT}/Target Support Files/Pods-archy-archyUITests/Pods-archy-archyUITests-frameworks-${CONFIGURATION}-output-files.xcfilelist",
			);
			runOnlyForDeploymentPostprocessing = 0;
			shellPath = /bin/sh;
			shellScript = "\"${PODS_ROOT}/Target Support Files/Pods-archy-archyUITests/Pods-archy-archyUITests-frameworks.sh\"\n";
			showEnvVarsInLog = 0;
		};
/* End PBXShellScriptBuildPhase section */

/* Begin PBXSourcesBuildPhase section */
		F7A784ED2346E7E40015DD0A /* Sources */ = {
			isa = PBXSourcesBuildPhase;
			buildActionMask = 2147483647;
			files = (
				F7A785412346E9DF0015DD0A /* BodyCalibrationVC.swift in Sources */,
				F7A7852E2346E8990015DD0A /* HomeVC.swift in Sources */,
				F7A785332346E8F80015DD0A /* SetDistanceVC.swift in Sources */,
				F7A7853C2346E98D0015DD0A /* TipsVC.swift in Sources */,
				F7A784FF2346E7E50015DD0A /* archy.xcdatamodeld in Sources */,
				F7A784F52346E7E50015DD0A /* AppDelegate.swift in Sources */,
				F7D208FC2353745600E3B638 /* AlbumsVC.swift in Sources */,
				F7A785462346EA200015DD0A /* PracticeVC.swift in Sources */,
				F7D208FD2353745600E3B638 /* AlbumCell.swift in Sources */,
			);
			runOnlyForDeploymentPostprocessing = 0;
		};
		F7A785062346E7E90015DD0A /* Sources */ = {
			isa = PBXSourcesBuildPhase;
			buildActionMask = 2147483647;
			files = (
				F7A7850F2346E7E90015DD0A /* archyTests.swift in Sources */,
			);
			runOnlyForDeploymentPostprocessing = 0;
		};
		F7A785112346E7E90015DD0A /* Sources */ = {
			isa = PBXSourcesBuildPhase;
			buildActionMask = 2147483647;
			files = (
				F7A7851A2346E7E90015DD0A /* archyUITests.swift in Sources */,
			);
			runOnlyForDeploymentPostprocessing = 0;
		};
/* End PBXSourcesBuildPhase section */

/* Begin PBXTargetDependency section */
		F7A7850C2346E7E90015DD0A /* PBXTargetDependency */ = {
			isa = PBXTargetDependency;
			target = F7A784F02346E7E40015DD0A /* archy */;
			targetProxy = F7A7850B2346E7E90015DD0A /* PBXContainerItemProxy */;
		};
		F7A785172346E7E90015DD0A /* PBXTargetDependency */ = {
			isa = PBXTargetDependency;
			target = F7A784F02346E7E40015DD0A /* archy */;
			targetProxy = F7A785162346E7E90015DD0A /* PBXContainerItemProxy */;
		};
/* End PBXTargetDependency section */

/* Begin PBXVariantGroup section */
		F7A785022346E7E80015DD0A /* LaunchScreen.storyboard */ = {
			isa = PBXVariantGroup;
			children = (
				F7A785032346E7E80015DD0A /* Base */,
			);
			name = LaunchScreen.storyboard;
			sourceTree = "<group>";
		};
/* End PBXVariantGroup section */

/* Begin XCBuildConfiguration section */
		F7A7851C2346E7E90015DD0A /* Debug */ = {
			isa = XCBuildConfiguration;
			buildSettings = {
				ALWAYS_SEARCH_USER_PATHS = NO;
				CLANG_ANALYZER_NONNULL = YES;
				CLANG_ANALYZER_NUMBER_OBJECT_CONVERSION = YES_AGGRESSIVE;
				CLANG_CXX_LANGUAGE_STANDARD = "gnu++14";
				CLANG_CXX_LIBRARY = "libc++";
				CLANG_ENABLE_MODULES = YES;
				CLANG_ENABLE_OBJC_ARC = YES;
				CLANG_ENABLE_OBJC_WEAK = YES;
				CLANG_WARN_BLOCK_CAPTURE_AUTORELEASING = YES;
				CLANG_WARN_BOOL_CONVERSION = YES;
				CLANG_WARN_COMMA = YES;
				CLANG_WARN_CONSTANT_CONVERSION = YES;
				CLANG_WARN_DEPRECATED_OBJC_IMPLEMENTATIONS = YES;
				CLANG_WARN_DIRECT_OBJC_ISA_USAGE = YES_ERROR;
				CLANG_WARN_DOCUMENTATION_COMMENTS = YES;
				CLANG_WARN_EMPTY_BODY = YES;
				CLANG_WARN_ENUM_CONVERSION = YES;
				CLANG_WARN_INFINITE_RECURSION = YES;
				CLANG_WARN_INT_CONVERSION = YES;
				CLANG_WARN_NON_LITERAL_NULL_CONVERSION = YES;
				CLANG_WARN_OBJC_IMPLICIT_RETAIN_SELF = YES;
				CLANG_WARN_OBJC_LITERAL_CONVERSION = YES;
				CLANG_WARN_OBJC_ROOT_CLASS = YES_ERROR;
				CLANG_WARN_RANGE_LOOP_ANALYSIS = YES;
				CLANG_WARN_STRICT_PROTOTYPES = YES;
				CLANG_WARN_SUSPICIOUS_MOVE = YES;
				CLANG_WARN_UNGUARDED_AVAILABILITY = YES_AGGRESSIVE;
				CLANG_WARN_UNREACHABLE_CODE = YES;
				CLANG_WARN__DUPLICATE_METHOD_MATCH = YES;
				COPY_PHASE_STRIP = NO;
				DEBUG_INFORMATION_FORMAT = dwarf;
				ENABLE_STRICT_OBJC_MSGSEND = YES;
				ENABLE_TESTABILITY = YES;
				GCC_C_LANGUAGE_STANDARD = gnu11;
				GCC_DYNAMIC_NO_PIC = NO;
				GCC_NO_COMMON_BLOCKS = YES;
				GCC_OPTIMIZATION_LEVEL = 0;
				GCC_PREPROCESSOR_DEFINITIONS = (
					"DEBUG=1",
					"$(inherited)",
				);
				GCC_WARN_64_TO_32_BIT_CONVERSION = YES;
				GCC_WARN_ABOUT_RETURN_TYPE = YES_ERROR;
				GCC_WARN_UNDECLARED_SELECTOR = YES;
				GCC_WARN_UNINITIALIZED_AUTOS = YES_AGGRESSIVE;
				GCC_WARN_UNUSED_FUNCTION = YES;
				GCC_WARN_UNUSED_VARIABLE = YES;
				IPHONEOS_DEPLOYMENT_TARGET = 13.0;
				MTL_ENABLE_DEBUG_INFO = INCLUDE_SOURCE;
				MTL_FAST_MATH = YES;
				ONLY_ACTIVE_ARCH = YES;
				SDKROOT = iphoneos;
				SWIFT_ACTIVE_COMPILATION_CONDITIONS = DEBUG;
				SWIFT_OPTIMIZATION_LEVEL = "-Onone";
			};
			name = Debug;
		};
		F7A7851D2346E7E90015DD0A /* Release */ = {
			isa = XCBuildConfiguration;
			buildSettings = {
				ALWAYS_SEARCH_USER_PATHS = NO;
				CLANG_ANALYZER_NONNULL = YES;
				CLANG_ANALYZER_NUMBER_OBJECT_CONVERSION = YES_AGGRESSIVE;
				CLANG_CXX_LANGUAGE_STANDARD = "gnu++14";
				CLANG_CXX_LIBRARY = "libc++";
				CLANG_ENABLE_MODULES = YES;
				CLANG_ENABLE_OBJC_ARC = YES;
				CLANG_ENABLE_OBJC_WEAK = YES;
				CLANG_WARN_BLOCK_CAPTURE_AUTORELEASING = YES;
				CLANG_WARN_BOOL_CONVERSION = YES;
				CLANG_WARN_COMMA = YES;
				CLANG_WARN_CONSTANT_CONVERSION = YES;
				CLANG_WARN_DEPRECATED_OBJC_IMPLEMENTATIONS = YES;
				CLANG_WARN_DIRECT_OBJC_ISA_USAGE = YES_ERROR;
				CLANG_WARN_DOCUMENTATION_COMMENTS = YES;
				CLANG_WARN_EMPTY_BODY = YES;
				CLANG_WARN_ENUM_CONVERSION = YES;
				CLANG_WARN_INFINITE_RECURSION = YES;
				CLANG_WARN_INT_CONVERSION = YES;
				CLANG_WARN_NON_LITERAL_NULL_CONVERSION = YES;
				CLANG_WARN_OBJC_IMPLICIT_RETAIN_SELF = YES;
				CLANG_WARN_OBJC_LITERAL_CONVERSION = YES;
				CLANG_WARN_OBJC_ROOT_CLASS = YES_ERROR;
				CLANG_WARN_RANGE_LOOP_ANALYSIS = YES;
				CLANG_WARN_STRICT_PROTOTYPES = YES;
				CLANG_WARN_SUSPICIOUS_MOVE = YES;
				CLANG_WARN_UNGUARDED_AVAILABILITY = YES_AGGRESSIVE;
				CLANG_WARN_UNREACHABLE_CODE = YES;
				CLANG_WARN__DUPLICATE_METHOD_MATCH = YES;
				COPY_PHASE_STRIP = NO;
				DEBUG_INFORMATION_FORMAT = "dwarf-with-dsym";
				ENABLE_NS_ASSERTIONS = NO;
				ENABLE_STRICT_OBJC_MSGSEND = YES;
				GCC_C_LANGUAGE_STANDARD = gnu11;
				GCC_NO_COMMON_BLOCKS = YES;
				GCC_WARN_64_TO_32_BIT_CONVERSION = YES;
				GCC_WARN_ABOUT_RETURN_TYPE = YES_ERROR;
				GCC_WARN_UNDECLARED_SELECTOR = YES;
				GCC_WARN_UNINITIALIZED_AUTOS = YES_AGGRESSIVE;
				GCC_WARN_UNUSED_FUNCTION = YES;
				GCC_WARN_UNUSED_VARIABLE = YES;
				IPHONEOS_DEPLOYMENT_TARGET = 13.0;
				MTL_ENABLE_DEBUG_INFO = NO;
				MTL_FAST_MATH = YES;
				SDKROOT = iphoneos;
				SWIFT_COMPILATION_MODE = wholemodule;
				SWIFT_OPTIMIZATION_LEVEL = "-O";
				VALIDATE_PRODUCT = YES;
			};
			name = Release;
		};
		F7A7851F2346E7E90015DD0A /* Debug */ = {
			isa = XCBuildConfiguration;
			baseConfigurationReference = 6FBEE194B1B8C374D29F6392 /* Pods-archy.debug.xcconfig */;
			buildSettings = {
				ASSETCATALOG_COMPILER_APPICON_NAME = AppIcon;
				CODE_SIGN_STYLE = Automatic;
				DEVELOPMENT_TEAM = 5BTQXWQ8C2;
				INFOPLIST_FILE = archy/Info.plist;
				LD_RUNPATH_SEARCH_PATHS = (
					"$(inherited)",
					"@executable_path/Frameworks",
				);
				PRODUCT_BUNDLE_IDENTIFIER = racob.archy;
				PRODUCT_NAME = "$(TARGET_NAME)";
				SWIFT_VERSION = 5.0;
				TARGETED_DEVICE_FAMILY = "1,2";
			};
			name = Debug;
		};
		F7A785202346E7E90015DD0A /* Release */ = {
			isa = XCBuildConfiguration;
			baseConfigurationReference = 770E6865A4C8DDFF18069801 /* Pods-archy.release.xcconfig */;
			buildSettings = {
				ASSETCATALOG_COMPILER_APPICON_NAME = AppIcon;
				CODE_SIGN_STYLE = Automatic;
				DEVELOPMENT_TEAM = 5BTQXWQ8C2;
				INFOPLIST_FILE = archy/Info.plist;
				LD_RUNPATH_SEARCH_PATHS = (
					"$(inherited)",
					"@executable_path/Frameworks",
				);
				PRODUCT_BUNDLE_IDENTIFIER = racob.archy;
				PRODUCT_NAME = "$(TARGET_NAME)";
				SWIFT_VERSION = 5.0;
				TARGETED_DEVICE_FAMILY = "1,2";
			};
			name = Release;
		};
		F7A785222346E7E90015DD0A /* Debug */ = {
			isa = XCBuildConfiguration;
			baseConfigurationReference = 63070C0190C97CC93DE68288 /* Pods-archyTests.debug.xcconfig */;
			buildSettings = {
				ALWAYS_EMBED_SWIFT_STANDARD_LIBRARIES = YES;
				BUNDLE_LOADER = "$(TEST_HOST)";
				CODE_SIGN_STYLE = Automatic;
				DEVELOPMENT_TEAM = 5BTQXWQ8C2;
				INFOPLIST_FILE = archyTests/Info.plist;
				IPHONEOS_DEPLOYMENT_TARGET = 13.0;
				LD_RUNPATH_SEARCH_PATHS = (
					"$(inherited)",
					"@executable_path/Frameworks",
					"@loader_path/Frameworks",
				);
				PRODUCT_BUNDLE_IDENTIFIER = racob.archyTests;
				PRODUCT_NAME = "$(TARGET_NAME)";
				SWIFT_VERSION = 5.0;
				TARGETED_DEVICE_FAMILY = "1,2";
				TEST_HOST = "$(BUILT_PRODUCTS_DIR)/archy.app/archy";
			};
			name = Debug;
		};
		F7A785232346E7E90015DD0A /* Release */ = {
			isa = XCBuildConfiguration;
			baseConfigurationReference = 75C08601D200BF0367B62BE6 /* Pods-archyTests.release.xcconfig */;
			buildSettings = {
				ALWAYS_EMBED_SWIFT_STANDARD_LIBRARIES = YES;
				BUNDLE_LOADER = "$(TEST_HOST)";
				CODE_SIGN_STYLE = Automatic;
				DEVELOPMENT_TEAM = 5BTQXWQ8C2;
				INFOPLIST_FILE = archyTests/Info.plist;
				IPHONEOS_DEPLOYMENT_TARGET = 13.0;
				LD_RUNPATH_SEARCH_PATHS = (
					"$(inherited)",
					"@executable_path/Frameworks",
					"@loader_path/Frameworks",
				);
				PRODUCT_BUNDLE_IDENTIFIER = racob.archyTests;
				PRODUCT_NAME = "$(TARGET_NAME)";
				SWIFT_VERSION = 5.0;
				TARGETED_DEVICE_FAMILY = "1,2";
				TEST_HOST = "$(BUILT_PRODUCTS_DIR)/archy.app/archy";
			};
			name = Release;
		};
		F7A785252346E7E90015DD0A /* Debug */ = {
			isa = XCBuildConfiguration;
			baseConfigurationReference = 8C000512FD4D84FA2D775E64 /* Pods-archy-archyUITests.debug.xcconfig */;
			buildSettings = {
				ALWAYS_EMBED_SWIFT_STANDARD_LIBRARIES = YES;
				CODE_SIGN_STYLE = Automatic;
				DEVELOPMENT_TEAM = 5BTQXWQ8C2;
				INFOPLIST_FILE = archyUITests/Info.plist;
				LD_RUNPATH_SEARCH_PATHS = (
					"$(inherited)",
					"@executable_path/Frameworks",
					"@loader_path/Frameworks",
				);
				PRODUCT_BUNDLE_IDENTIFIER = racob.archyUITests;
				PRODUCT_NAME = "$(TARGET_NAME)";
				SWIFT_VERSION = 5.0;
				TARGETED_DEVICE_FAMILY = "1,2";
				TEST_TARGET_NAME = archy;
			};
			name = Debug;
		};
		F7A785262346E7E90015DD0A /* Release */ = {
			isa = XCBuildConfiguration;
			baseConfigurationReference = 5E8140176E88A2DC2D9CC392 /* Pods-archy-archyUITests.release.xcconfig */;
			buildSettings = {
				ALWAYS_EMBED_SWIFT_STANDARD_LIBRARIES = YES;
				CODE_SIGN_STYLE = Automatic;
				DEVELOPMENT_TEAM = 5BTQXWQ8C2;
				INFOPLIST_FILE = archyUITests/Info.plist;
				LD_RUNPATH_SEARCH_PATHS = (
					"$(inherited)",
					"@executable_path/Frameworks",
					"@loader_path/Frameworks",
				);
				PRODUCT_BUNDLE_IDENTIFIER = racob.archyUITests;
				PRODUCT_NAME = "$(TARGET_NAME)";
				SWIFT_VERSION = 5.0;
				TARGETED_DEVICE_FAMILY = "1,2";
				TEST_TARGET_NAME = archy;
			};
			name = Release;
		};
/* End XCBuildConfiguration section */

/* Begin XCConfigurationList section */
		F7A784EC2346E7E40015DD0A /* Build configuration list for PBXProject "archy" */ = {
			isa = XCConfigurationList;
			buildConfigurations = (
				F7A7851C2346E7E90015DD0A /* Debug */,
				F7A7851D2346E7E90015DD0A /* Release */,
			);
			defaultConfigurationIsVisible = 0;
			defaultConfigurationName = Release;
		};
		F7A7851E2346E7E90015DD0A /* Build configuration list for PBXNativeTarget "archy" */ = {
			isa = XCConfigurationList;
			buildConfigurations = (
				F7A7851F2346E7E90015DD0A /* Debug */,
				F7A785202346E7E90015DD0A /* Release */,
			);
			defaultConfigurationIsVisible = 0;
			defaultConfigurationName = Release;
		};
		F7A785212346E7E90015DD0A /* Build configuration list for PBXNativeTarget "archyTests" */ = {
			isa = XCConfigurationList;
			buildConfigurations = (
				F7A785222346E7E90015DD0A /* Debug */,
				F7A785232346E7E90015DD0A /* Release */,
			);
			defaultConfigurationIsVisible = 0;
			defaultConfigurationName = Release;
		};
		F7A785242346E7E90015DD0A /* Build configuration list for PBXNativeTarget "archyUITests" */ = {
			isa = XCConfigurationList;
			buildConfigurations = (
				F7A785252346E7E90015DD0A /* Debug */,
				F7A785262346E7E90015DD0A /* Release */,
			);
			defaultConfigurationIsVisible = 0;
			defaultConfigurationName = Release;
		};
/* End XCConfigurationList section */

/* Begin XCVersionGroup section */
		F7A784FD2346E7E50015DD0A /* archy.xcdatamodeld */ = {
			isa = XCVersionGroup;
			children = (
				F7A784FE2346E7E50015DD0A /* archy.xcdatamodel */,
			);
			currentVersion = F7A784FE2346E7E50015DD0A /* archy.xcdatamodel */;
			path = archy.xcdatamodeld;
			sourceTree = "<group>";
			versionGroupType = wrapper.xcdatamodel;
		};
/* End XCVersionGroup section */
	};
	rootObject = F7A784E92346E7E40015DD0A /* Project object */;
}
